
Microsoft Visual Studio Solution File, Format Version 12.00
# Visual Studio Version 17
VisualStudioVersion = 17.7.34024.191
MinimumVisualStudioVersion = 10.0.40219.1
Project("{9A19103F-16F7-4668-BE54-9A1E7A4F7556}") = "CSV Import", "TesteCSV\CSV Import.csproj", "{2559287D-721B-4351-A298-AD5B0B262ACE}"
EndProject
Project("{FAE04EC0-301F-11D3-BF4B-00C04F79EFBC}") = "PaginatedParallelSQL", "PaginatedParallelSQL\PaginatedParallelSQL.csproj", "{D2C3DC89-94D5-4469-A007-D70EF2A702D0}"
EndProject
Global
	GlobalSection(SolutionConfigurationPlatforms) = preSolution
		Debug|Any CPU = Debug|Any CPU
		Release|Any CPU = Release|Any CPU
	EndGlobalSection
	GlobalSection(ProjectConfigurationPlatforms) = postSolution
		{2559287D-721B-4351-A298-AD5B0B262ACE}.Debug|Any CPU.ActiveCfg = Debug|Any CPU
		{2559287D-721B-4351-A298-AD5B0B262ACE}.Debug|Any CPU.Build.0 = Debug|Any CPU
		{2559287D-721B-4351-A298-AD5B0B262ACE}.Release|Any CPU.ActiveCfg = Release|Any CPU
		{2559287D-721B-4351-A298-AD5B0B262ACE}.Release|Any CPU.Build.0 = Release|Any CPU
		{D2C3DC89-94D5-4469-A007-D70EF2A702D0}.Debug|Any CPU.ActiveCfg = Debug|Any CPU
		{D2C3DC89-94D5-4469-A007-D70EF2A702D0}.Debug|Any CPU.Build.0 = Debug|Any CPU
		{D2C3DC89-94D5-4469-A007-D70EF2A702D0}.Release|Any CPU.ActiveCfg = Release|Any CPU
		{D2C3DC89-94D5-4469-A007-D70EF2A702D0}.Release|Any CPU.Build.0 = Release|Any CPU
	EndGlobalSection
	GlobalSection(SolutionProperties) = preSolution
		HideSolutionNode = FALSE
	EndGlobalSection
	GlobalSection(ExtensibilityGlobals) = postSolution
		SolutionGuid = {CB18C961-71D2-4F7F-ADC4-77A19F537FD7}
	EndGlobalSection
EndGlobal
